
Microsoft Visual Studio Solution File, Format Version 12.00
# Visual Studio 14
VisualStudioVersion = 14.0.23107.0
MinimumVisualStudioVersion = 10.0.40219.1
Project("{2150E333-8FDC-42A3-9474-1A3956D46DE8}") = "Sample", "Sample", "{F6283BC0-5029-4DBE-AF7F-DF40D21CDE21}"
EndProject
Project("{2150E333-8FDC-42A3-9474-1A3956D46DE8}") = "Module", "Module", "{DF0ABA79-0051-45E3-8AEA-1A72DE19135B}"
EndProject
Project("{FAE04EC0-301F-11D3-BF4B-00C04F79EFBC}") = "WpfSampleApp", "WpfSampleApp\WpfSampleApp.csproj", "{5ED48463-FFD9-427B-9A69-9A03A62F4E3C}"
EndProject
Project("{FAE04EC0-301F-11D3-BF4B-00C04F79EFBC}") = "WpfModuleA", "WpfModuleA\WpfModuleA.csproj", "{623A1D94-FD3A-4894-B034-967C402487A0}"
EndProject
Project("{FAE04EC0-301F-11D3-BF4B-00C04F79EFBC}") = "WpfModuleB", "WpfModuleB\WpfModuleB.csproj", "{C0DB3397-27EB-488F-8D2D-25439B82618F}"
EndProject
Project("{FAE04EC0-301F-11D3-BF4B-00C04F79EFBC}") = "CompositeCommandLib", "CompositeCommandLib\CompositeCommandLib.csproj", "{4957F7A7-736B-416D-923C-972A8DF34025}"
EndProject
Global
	GlobalSection(SolutionConfigurationPlatforms) = preSolution
		Debug|Any CPU = Debug|Any CPU
		Release|Any CPU = Release|Any CPU
	EndGlobalSection
	GlobalSection(ProjectConfigurationPlatforms) = postSolution
		{5ED48463-FFD9-427B-9A69-9A03A62F4E3C}.Debug|Any CPU.ActiveCfg = Debug|Any CPU
		{5ED48463-FFD9-427B-9A69-9A03A62F4E3C}.Debug|Any CPU.Build.0 = Debug|Any CPU
		{5ED48463-FFD9-427B-9A69-9A03A62F4E3C}.Release|Any CPU.ActiveCfg = Release|Any CPU
		{5ED48463-FFD9-427B-9A69-9A03A62F4E3C}.Release|Any CPU.Build.0 = Release|Any CPU
		{623A1D94-FD3A-4894-B034-967C402487A0}.Debug|Any CPU.ActiveCfg = Debug|Any CPU
		{623A1D94-FD3A-4894-B034-967C402487A0}.Debug|Any CPU.Build.0 = Debug|Any CPU
		{623A1D94-FD3A-4894-B034-967C402487A0}.Release|Any CPU.ActiveCfg = Release|Any CPU
		{623A1D94-FD3A-4894-B034-967C402487A0}.Release|Any CPU.Build.0 = Release|Any CPU
		{C0DB3397-27EB-488F-8D2D-25439B82618F}.Debug|Any CPU.ActiveCfg = Debug|Any CPU
		{C0DB3397-27EB-488F-8D2D-25439B82618F}.Debug|Any CPU.Build.0 = Debug|Any CPU
		{C0DB3397-27EB-488F-8D2D-25439B82618F}.Release|Any CPU.ActiveCfg = Release|Any CPU
		{C0DB3397-27EB-488F-8D2D-25439B82618F}.Release|Any CPU.Build.0 = Release|Any CPU
		{4957F7A7-736B-416D-923C-972A8DF34025}.Debug|Any CPU.ActiveCfg = Debug|Any CPU
		{4957F7A7-736B-416D-923C-972A8DF34025}.Debug|Any CPU.Build.0 = Debug|Any CPU
		{4957F7A7-736B-416D-923C-972A8DF34025}.Release|Any CPU.ActiveCfg = Release|Any CPU
		{4957F7A7-736B-416D-923C-972A8DF34025}.Release|Any CPU.Build.0 = Release|Any CPU
	EndGlobalSection
	GlobalSection(SolutionProperties) = preSolution
		HideSolutionNode = FALSE
	EndGlobalSection
	GlobalSection(NestedProjects) = preSolution
		{DF0ABA79-0051-45E3-8AEA-1A72DE19135B} = {F6283BC0-5029-4DBE-AF7F-DF40D21CDE21}
		{5ED48463-FFD9-427B-9A69-9A03A62F4E3C} = {F6283BC0-5029-4DBE-AF7F-DF40D21CDE21}
		{623A1D94-FD3A-4894-B034-967C402487A0} = {DF0ABA79-0051-45E3-8AEA-1A72DE19135B}
		{C0DB3397-27EB-488F-8D2D-25439B82618F} = {DF0ABA79-0051-45E3-8AEA-1A72DE19135B}
	EndGlobalSection
EndGlobal
